
Microsoft Visual Studio Solution File, Format Version 12.00
# Visual Studio 15
VisualStudioVersion = 15.0.27703.2047
MinimumVisualStudioVersion = 10.0.40219.1
Project("{FAE04EC0-301F-11D3-BF4B-00C04F79EFBC}") = "EstudoSelenium", "EstudoSelenium\EstudoSelenium.csproj", "{683A74E9-15D0-4A1B-9B9F-CD71CCF5E49A}"
EndProject
Global
	GlobalSection(SolutionConfigurationPlatforms) = preSolution
		Debug|Any CPU = Debug|Any CPU
		Release|Any CPU = Release|Any CPU
	EndGlobalSection
	GlobalSection(ProjectConfigurationPlatforms) = postSolution
		{683A74E9-15D0-4A1B-9B9F-CD71CCF5E49A}.Debug|Any CPU.ActiveCfg = Debug|Any CPU
		{683A74E9-15D0-4A1B-9B9F-CD71CCF5E49A}.Debug|Any CPU.Build.0 = Debug|Any CPU
		{683A74E9-15D0-4A1B-9B9F-CD71CCF5E49A}.Release|Any CPU.ActiveCfg = Release|Any CPU
		{683A74E9-15D0-4A1B-9B9F-CD71CCF5E49A}.Release|Any CPU.Build.0 = Release|Any CPU
	EndGlobalSection
	GlobalSection(SolutionProperties) = preSolution
		HideSolutionNode = FALSE
	EndGlobalSection
	GlobalSection(ExtensibilityGlobals) = postSolution
		SolutionGuid = {CBCF9554-B2A7-4774-8EC4-E6F07FECF9DC}
	EndGlobalSection
EndGlobal
